// !$*UTF8*$!
{
	archiveVersion = 1;
	classes = {
	};
	objectVersion = 46;
	objects = {

/* Begin PBXBuildFile section */
		517DB4421CDB822D00868755 /* SupportIm.podspec in Resources */ = {isa = PBXBuildFile; fileRef = 517DB4411CDB822D00868755 /* SupportIm.podspec */; };
		531838371C5233E700A38298 /* LICENSE in Resources */ = {isa = PBXBuildFile; fileRef = 531838351C5233E700A38298 /* LICENSE */; };
		531838381C5233E700A38298 /* README.md in Sources */ = {isa = PBXBuildFile; fileRef = 531838361C5233E700A38298 /* README.md */; };
		5361ED221C4D38DB0048F4AC /* main.m in Sources */ = {isa = PBXBuildFile; fileRef = 5361ED211C4D38DB0048F4AC /* main.m */; };
		5361ED2D1C4D38DB0048F4AC /* Assets.xcassets in Resources */ = {isa = PBXBuildFile; fileRef = 5361ED2C1C4D38DB0048F4AC /* Assets.xcassets */; };
		53DC5E491C528D3E009A3CCD /* LaunchScreen.storyboard in Resources */ = {isa = PBXBuildFile; fileRef = 53DC5E471C528D3E009A3CCD /* LaunchScreen.storyboard */; };
		806701B66B5952E673C98EB2 /* AppDelegate.m in Sources */ = {isa = PBXBuildFile; fileRef = 80670EAC56A3AC0AC2618440 /* AppDelegate.m */; };
		9964AB4B22C55D185F07F575 /* libPods-Examples.a in Frameworks */ = {isa = PBXBuildFile; fileRef = 51DD6FBE6AA3B8E8707621CD /* libPods-Examples.a */; };
		A80F31CA1CE343A100F55688 /* MessageDisplayKitString.strings in Resources */ = {isa = PBXBuildFile; fileRef = A80F31C81CE343A100F55688 /* MessageDisplayKitString.strings */; };
		A80F31CE1CE3526C00F55688 /* loudReceive.caf in Resources */ = {isa = PBXBuildFile; fileRef = A80F31CB1CE3526C00F55688 /* loudReceive.caf */; };
		A80F31CF1CE3526C00F55688 /* receive.caf in Resources */ = {isa = PBXBuildFile; fileRef = A80F31CC1CE3526C00F55688 /* receive.caf */; };
		A80F31D01CE3526C00F55688 /* send.caf in Resources */ = {isa = PBXBuildFile; fileRef = A80F31CD1CE3526C00F55688 /* send.caf */; };
		A80F31D21CE3539E00F55688 /* defaultSettings.plist in Resources */ = {isa = PBXBuildFile; fileRef = A80F31D11CE3539E00F55688 /* defaultSettings.plist */; };
		A825BC981CE07ACD00BE8DA0 /* MainAccountViewController.m in Sources */ = {isa = PBXBuildFile; fileRef = A825BC911CE07ACD00BE8DA0 /* MainAccountViewController.m */; };
		A825BC9A1CE07ACD00BE8DA0 /* MainAccountView.m in Sources */ = {isa = PBXBuildFile; fileRef = A825BC971CE07ACD00BE8DA0 /* MainAccountView.m */; };
		A825BCAB1CE07B1B00BE8DA0 /* MainTabBarController.m in Sources */ = {isa = PBXBuildFile; fileRef = A825BCA61CE07B1B00BE8DA0 /* MainTabBarController.m */; };
		A8796C6B1CDE7D0C0026E4A1 /* MainLoginViewController.m in Sources */ = {isa = PBXBuildFile; fileRef = A8796C251CDE7D0C0026E4A1 /* MainLoginViewController.m */; };
		A8796C6C1CDE7D0C0026E4A1 /* PhoneLoginViewController.m in Sources */ = {isa = PBXBuildFile; fileRef = A8796C271CDE7D0C0026E4A1 /* PhoneLoginViewController.m */; };
		A8796C6D1CDE7D0C0026E4A1 /* PhoneVerifyCodeViewController.m in Sources */ = {isa = PBXBuildFile; fileRef = A8796C291CDE7D0C0026E4A1 /* PhoneVerifyCodeViewController.m */; };
		A8796C6E1CDE7D0C0026E4A1 /* UserLoginViewController.m in Sources */ = {isa = PBXBuildFile; fileRef = A8796C2B1CDE7D0C0026E4A1 /* UserLoginViewController.m */; };
		A8796C6F1CDE7D0C0026E4A1 /* UserRegisterViewController.m in Sources */ = {isa = PBXBuildFile; fileRef = A8796C2D1CDE7D0C0026E4A1 /* UserRegisterViewController.m */; };
		A8796C701CDE7D0C0026E4A1 /* VerifyCodeLogicModel.m in Sources */ = {isa = PBXBuildFile; fileRef = A8796C301CDE7D0C0026E4A1 /* VerifyCodeLogicModel.m */; };
		A8796C711CDE7D0C0026E4A1 /* CountryTableViewCell.m in Sources */ = {isa = PBXBuildFile; fileRef = A8796C341CDE7D0C0026E4A1 /* CountryTableViewCell.m */; };
		A8796C721CDE7D0C0026E4A1 /* MainLoginView.m in Sources */ = {isa = PBXBuildFile; fileRef = A8796C361CDE7D0C0026E4A1 /* MainLoginView.m */; };
		A8796C731CDE7D0C0026E4A1 /* PhoneLoginView.m in Sources */ = {isa = PBXBuildFile; fileRef = A8796C381CDE7D0C0026E4A1 /* PhoneLoginView.m */; };
		A8796C741CDE7D0C0026E4A1 /* PhoneVerifyCodeView.m in Sources */ = {isa = PBXBuildFile; fileRef = A8796C3A1CDE7D0C0026E4A1 /* PhoneVerifyCodeView.m */; };
		A8796C751CDE7D0C0026E4A1 /* UserLoginView.m in Sources */ = {isa = PBXBuildFile; fileRef = A8796C3C1CDE7D0C0026E4A1 /* UserLoginView.m */; };
		A8796C761CDE7D0C0026E4A1 /* UserRegisterView.m in Sources */ = {isa = PBXBuildFile; fileRef = A8796C3E1CDE7D0C0026E4A1 /* UserRegisterView.m */; };
		A8E0345F1CDE91FA00E9744D /* ViewController.m in Sources */ = {isa = PBXBuildFile; fileRef = A8E0345E1CDE91FA00E9744D /* ViewController.m */; };
/* End PBXBuildFile section */

/* Begin PBXFileReference section */
		517DB4411CDB822D00868755 /* SupportIm.podspec */ = {isa = PBXFileReference; fileEncoding = 4; lastKnownFileType = text; name = SupportIm.podspec; path = ../SupportIm.podspec; sourceTree = "<group>"; };
		51DD6FBE6AA3B8E8707621CD /* libPods-Examples.a */ = {isa = PBXFileReference; explicitFileType = archive.ar; includeInIndex = 0; path = "libPods-Examples.a"; sourceTree = BUILT_PRODUCTS_DIR; };
		531838351C5233E700A38298 /* LICENSE */ = {isa = PBXFileReference; fileEncoding = 4; lastKnownFileType = text; name = LICENSE; path = ../LICENSE; sourceTree = "<group>"; };
		531838361C5233E700A38298 /* README.md */ = {isa = PBXFileReference; fileEncoding = 4; lastKnownFileType = net.daringfireball.markdown; name = README.md; path = ../README.md; sourceTree = "<group>"; };
		5361ED1D1C4D38DB0048F4AC /* Examples.app */ = {isa = PBXFileReference; explicitFileType = wrapper.application; includeInIndex = 0; path = Examples.app; sourceTree = BUILT_PRODUCTS_DIR; };
		5361ED211C4D38DB0048F4AC /* main.m */ = {isa = PBXFileReference; lastKnownFileType = sourcecode.c.objc; path = main.m; sourceTree = "<group>"; };
		5361ED2C1C4D38DB0048F4AC /* Assets.xcassets */ = {isa = PBXFileReference; lastKnownFileType = folder.assetcatalog; path = Assets.xcassets; sourceTree = "<group>"; };
		5361ED311C4D38DB0048F4AC /* Info.plist */ = {isa = PBXFileReference; lastKnownFileType = text.plist.xml; path = Info.plist; sourceTree = "<group>"; };
		53DC5E481C528D3E009A3CCD /* Base */ = {isa = PBXFileReference; lastKnownFileType = file.storyboard; name = Base; path = Base.lproj/LaunchScreen.storyboard; sourceTree = "<group>"; };
		80670C252006DCC5078C5C8D /* AppDelegate.h */ = {isa = PBXFileReference; fileEncoding = 4; lastKnownFileType = sourcecode.c.h; path = AppDelegate.h; sourceTree = "<group>"; };
		80670EAC56A3AC0AC2618440 /* AppDelegate.m */ = {isa = PBXFileReference; fileEncoding = 4; lastKnownFileType = sourcecode.c.objc; path = AppDelegate.m; sourceTree = "<group>"; };
		8A3429AD3E96A3B3E69FEEFD /* Pods-Examples.release.xcconfig */ = {isa = PBXFileReference; includeInIndex = 1; lastKnownFileType = text.xcconfig; name = "Pods-Examples.release.xcconfig"; path = "../Pods/Target Support Files/Pods-Examples/Pods-Examples.release.xcconfig"; sourceTree = "<group>"; };
		A80F31C91CE343A100F55688 /* zh-Hans */ = {isa = PBXFileReference; lastKnownFileType = text.plist.strings; name = "zh-Hans"; path = MessageDisplayKitString.strings; sourceTree = "<group>"; };
		A80F31CB1CE3526C00F55688 /* loudReceive.caf */ = {isa = PBXFileReference; lastKnownFileType = file; path = loudReceive.caf; sourceTree = "<group>"; };
		A80F31CC1CE3526C00F55688 /* receive.caf */ = {isa = PBXFileReference; lastKnownFileType = file; path = receive.caf; sourceTree = "<group>"; };
		A80F31CD1CE3526C00F55688 /* send.caf */ = {isa = PBXFileReference; lastKnownFileType = file; path = send.caf; sourceTree = "<group>"; };
		A80F31D11CE3539E00F55688 /* defaultSettings.plist */ = {isa = PBXFileReference; fileEncoding = 4; lastKnownFileType = text.plist.xml; path = defaultSettings.plist; sourceTree = "<group>"; };
		A80F31D41CE35D0600F55688 /* AudioToolbox.framework */ = {isa = PBXFileReference; lastKnownFileType = wrapper.framework; name = AudioToolbox.framework; path = System/Library/Frameworks/AudioToolbox.framework; sourceTree = SDKROOT; };
		A825BC901CE07ACD00BE8DA0 /* MainAccountViewController.h */ = {isa = PBXFileReference; fileEncoding = 4; lastKnownFileType = sourcecode.c.h; path = MainAccountViewController.h; sourceTree = "<group>"; };
		A825BC911CE07ACD00BE8DA0 /* MainAccountViewController.m */ = {isa = PBXFileReference; fileEncoding = 4; lastKnownFileType = sourcecode.c.objc; path = MainAccountViewController.m; sourceTree = "<group>"; };
		A825BC961CE07ACD00BE8DA0 /* MainAccountView.h */ = {isa = PBXFileReference; fileEncoding = 4; lastKnownFileType = sourcecode.c.h; path = MainAccountView.h; sourceTree = "<group>"; };
		A825BC971CE07ACD00BE8DA0 /* MainAccountView.m */ = {isa = PBXFileReference; fileEncoding = 4; lastKnownFileType = sourcecode.c.objc; path = MainAccountView.m; sourceTree = "<group>"; };
		A825BCA51CE07B1B00BE8DA0 /* MainTabBarController.h */ = {isa = PBXFileReference; fileEncoding = 4; lastKnownFileType = sourcecode.c.h; path = MainTabBarController.h; sourceTree = "<group>"; };
		A825BCA61CE07B1B00BE8DA0 /* MainTabBarController.m */ = {isa = PBXFileReference; fileEncoding = 4; lastKnownFileType = sourcecode.c.objc; path = MainTabBarController.m; sourceTree = "<group>"; };
		A8796C131CDE77BA0026E4A1 /* PrefixHeader.pch */ = {isa = PBXFileReference; lastKnownFileType = sourcecode.c.h; path = PrefixHeader.pch; sourceTree = "<group>"; };
		A8796C241CDE7D0C0026E4A1 /* MainLoginViewController.h */ = {isa = PBXFileReference; fileEncoding = 4; lastKnownFileType = sourcecode.c.h; path = MainLoginViewController.h; sourceTree = "<group>"; };
		A8796C251CDE7D0C0026E4A1 /* MainLoginViewController.m */ = {isa = PBXFileReference; fileEncoding = 4; lastKnownFileType = sourcecode.c.objc; path = MainLoginViewController.m; sourceTree = "<group>"; };
		A8796C261CDE7D0C0026E4A1 /* PhoneLoginViewController.h */ = {isa = PBXFileReference; fileEncoding = 4; lastKnownFileType = sourcecode.c.h; path = PhoneLoginViewController.h; sourceTree = "<group>"; };
		A8796C271CDE7D0C0026E4A1 /* PhoneLoginViewController.m */ = {isa = PBXFileReference; fileEncoding = 4; lastKnownFileType = sourcecode.c.objc; path = PhoneLoginViewController.m; sourceTree = "<group>"; };
		A8796C281CDE7D0C0026E4A1 /* PhoneVerifyCodeViewController.h */ = {isa = PBXFileReference; fileEncoding = 4; lastKnownFileType = sourcecode.c.h; path = PhoneVerifyCodeViewController.h; sourceTree = "<group>"; };
		A8796C291CDE7D0C0026E4A1 /* PhoneVerifyCodeViewController.m */ = {isa = PBXFileReference; fileEncoding = 4; lastKnownFileType = sourcecode.c.objc; path = PhoneVerifyCodeViewController.m; sourceTree = "<group>"; };
		A8796C2A1CDE7D0C0026E4A1 /* UserLoginViewController.h */ = {isa = PBXFileReference; fileEncoding = 4; lastKnownFileType = sourcecode.c.h; path = UserLoginViewController.h; sourceTree = "<group>"; };
		A8796C2B1CDE7D0C0026E4A1 /* UserLoginViewController.m */ = {isa = PBXFileReference; fileEncoding = 4; lastKnownFileType = sourcecode.c.objc; path = UserLoginViewController.m; sourceTree = "<group>"; };
		A8796C2C1CDE7D0C0026E4A1 /* UserRegisterViewController.h */ = {isa = PBXFileReference; fileEncoding = 4; lastKnownFileType = sourcecode.c.h; path = UserRegisterViewController.h; sourceTree = "<group>"; };
		A8796C2D1CDE7D0C0026E4A1 /* UserRegisterViewController.m */ = {isa = PBXFileReference; fileEncoding = 4; lastKnownFileType = sourcecode.c.objc; path = UserRegisterViewController.m; sourceTree = "<group>"; };
		A8796C2F1CDE7D0C0026E4A1 /* VerifyCodeLogicModel.h */ = {isa = PBXFileReference; fileEncoding = 4; lastKnownFileType = sourcecode.c.h; path = VerifyCodeLogicModel.h; sourceTree = "<group>"; };
		A8796C301CDE7D0C0026E4A1 /* VerifyCodeLogicModel.m */ = {isa = PBXFileReference; fileEncoding = 4; lastKnownFileType = sourcecode.c.objc; path = VerifyCodeLogicModel.m; sourceTree = "<group>"; };
		A8796C331CDE7D0C0026E4A1 /* CountryTableViewCell.h */ = {isa = PBXFileReference; fileEncoding = 4; lastKnownFileType = sourcecode.c.h; path = CountryTableViewCell.h; sourceTree = "<group>"; };
		A8796C341CDE7D0C0026E4A1 /* CountryTableViewCell.m */ = {isa = PBXFileReference; fileEncoding = 4; lastKnownFileType = sourcecode.c.objc; path = CountryTableViewCell.m; sourceTree = "<group>"; };
		A8796C351CDE7D0C0026E4A1 /* MainLoginView.h */ = {isa = PBXFileReference; fileEncoding = 4; lastKnownFileType = sourcecode.c.h; path = MainLoginView.h; sourceTree = "<group>"; };
		A8796C361CDE7D0C0026E4A1 /* MainLoginView.m */ = {isa = PBXFileReference; fileEncoding = 4; lastKnownFileType = sourcecode.c.objc; path = MainLoginView.m; sourceTree = "<group>"; };
		A8796C371CDE7D0C0026E4A1 /* PhoneLoginView.h */ = {isa = PBXFileReference; fileEncoding = 4; lastKnownFileType = sourcecode.c.h; path = PhoneLoginView.h; sourceTree = "<group>"; };
		A8796C381CDE7D0C0026E4A1 /* PhoneLoginView.m */ = {isa = PBXFileReference; fileEncoding = 4; lastKnownFileType = sourcecode.c.objc; path = PhoneLoginView.m; sourceTree = "<group>"; };
		A8796C391CDE7D0C0026E4A1 /* PhoneVerifyCodeView.h */ = {isa = PBXFileReference; fileEncoding = 4; lastKnownFileType = sourcecode.c.h; path = PhoneVerifyCodeView.h; sourceTree = "<group>"; };
		A8796C3A1CDE7D0C0026E4A1 /* PhoneVerifyCodeView.m */ = {isa = PBXFileReference; fileEncoding = 4; lastKnownFileType = sourcecode.c.objc; path = PhoneVerifyCodeView.m; sourceTree = "<group>"; };
		A8796C3B1CDE7D0C0026E4A1 /* UserLoginView.h */ = {isa = PBXFileReference; fileEncoding = 4; lastKnownFileType = sourcecode.c.h; path = UserLoginView.h; sourceTree = "<group>"; };
		A8796C3C1CDE7D0C0026E4A1 /* UserLoginView.m */ = {isa = PBXFileReference; fileEncoding = 4; lastKnownFileType = sourcecode.c.objc; path = UserLoginView.m; sourceTree = "<group>"; };
		A8796C3D1CDE7D0C0026E4A1 /* UserRegisterView.h */ = {isa = PBXFileReference; fileEncoding = 4; lastKnownFileType = sourcecode.c.h; path = UserRegisterView.h; sourceTree = "<group>"; };
		A8796C3E1CDE7D0C0026E4A1 /* UserRegisterView.m */ = {isa = PBXFileReference; fileEncoding = 4; lastKnownFileType = sourcecode.c.objc; path = UserRegisterView.m; sourceTree = "<group>"; };
		A8DA02681CE2CB1500550F33 /* SystemConfiguration.framework */ = {isa = PBXFileReference; lastKnownFileType = wrapper.framework; name = SystemConfiguration.framework; path = System/Library/Frameworks/SystemConfiguration.framework; sourceTree = SDKROOT; };
		A8DA026A1CE2CB1B00550F33 /* MobileCoreServices.framework */ = {isa = PBXFileReference; lastKnownFileType = wrapper.framework; name = MobileCoreServices.framework; path = System/Library/Frameworks/MobileCoreServices.framework; sourceTree = SDKROOT; };
		A8DA026C1CE2CB2300550F33 /* CoreTelephony.framework */ = {isa = PBXFileReference; lastKnownFileType = wrapper.framework; name = CoreTelephony.framework; path = System/Library/Frameworks/CoreTelephony.framework; sourceTree = SDKROOT; };
		A8DA026E1CE2CB2900550F33 /* CoreLocation.framework */ = {isa = PBXFileReference; lastKnownFileType = wrapper.framework; name = CoreLocation.framework; path = System/Library/Frameworks/CoreLocation.framework; sourceTree = SDKROOT; };
		A8E0345D1CDE91FA00E9744D /* ViewController.h */ = {isa = PBXFileReference; fileEncoding = 4; lastKnownFileType = sourcecode.c.h; path = ViewController.h; sourceTree = "<group>"; };
		A8E0345E1CDE91FA00E9744D /* ViewController.m */ = {isa = PBXFileReference; fileEncoding = 4; lastKnownFileType = sourcecode.c.objc; path = ViewController.m; sourceTree = "<group>"; };
		CBDD71DBC0C423DCD9396244 /* Pods-Examples.debug.xcconfig */ = {isa = PBXFileReference; includeInIndex = 1; lastKnownFileType = text.xcconfig; name = "Pods-Examples.debug.xcconfig"; path = "../Pods/Target Support Files/Pods-Examples/Pods-Examples.debug.xcconfig"; sourceTree = "<group>"; };
/* End PBXFileReference section */

/* Begin PBXFrameworksBuildPhase section */
		5361ED1A1C4D38DB0048F4AC /* Frameworks */ = {
			isa = PBXFrameworksBuildPhase;
			buildActionMask = 2147483647;
			files = (
				9964AB4B22C55D185F07F575 /* libPods-Examples.a in Frameworks */,
			);
			runOnlyForDeploymentPostprocessing = 0;
		};
/* End PBXFrameworksBuildPhase section */

/* Begin PBXGroup section */
		5318382F1C51FFC500A38298 /* Podspec Metadata */ = {
			isa = PBXGroup;
			children = (
				517DB4411CDB822D00868755 /* SupportIm.podspec */,
				531838351C5233E700A38298 /* LICENSE */,
				531838361C5233E700A38298 /* README.md */,
			);
			name = "Podspec Metadata";
			sourceTree = "<group>";
		};
		5361ED141C4D38DB0048F4AC = {
			isa = PBXGroup;
			children = (
				5318382F1C51FFC500A38298 /* Podspec Metadata */,
				5361ED1F1C4D38DB0048F4AC /* Example for StarterKit */,
				5361ED1E1C4D38DB0048F4AC /* Products */,
				A40650ED53AE74E2AF817093 /* Pods */,
				F3C6F341A32E0A841A2F63ED /* Frameworks */,
			);
			sourceTree = "<group>";
		};
		5361ED1E1C4D38DB0048F4AC /* Products */ = {
			isa = PBXGroup;
			children = (
				5361ED1D1C4D38DB0048F4AC /* Examples.app */,
			);
			name = Products;
			sourceTree = "<group>";
		};
		5361ED1F1C4D38DB0048F4AC /* Example for StarterKit */ = {
			isa = PBXGroup;
			children = (
				5361ED2C1C4D38DB0048F4AC /* Assets.xcassets */,
				5361ED311C4D38DB0048F4AC /* Info.plist */,
				5361ED201C4D38DB0048F4AC /* Supporting Files */,
				80670A59626EBDE4D7DC7014 /* Classes */,
			);
			name = "Example for StarterKit";
			path = Examples;
			sourceTree = "<group>";
		};
		5361ED201C4D38DB0048F4AC /* Supporting Files */ = {
			isa = PBXGroup;
			children = (
				A80F31D11CE3539E00F55688 /* defaultSettings.plist */,
				A80F31CB1CE3526C00F55688 /* loudReceive.caf */,
				A80F31CC1CE3526C00F55688 /* receive.caf */,
				A80F31CD1CE3526C00F55688 /* send.caf */,
				A8DA02631CE211BA00550F33 /* zh-Hans.lproj */,
				53DC5E471C528D3E009A3CCD /* LaunchScreen.storyboard */,
				5361ED211C4D38DB0048F4AC /* main.m */,
				A8796C131CDE77BA0026E4A1 /* PrefixHeader.pch */,
			);
			name = "Supporting Files";
			sourceTree = "<group>";
		};
		806705CBC3DFE2116228881C /* AppDelegate */ = {
			isa = PBXGroup;
			children = (
				80670C252006DCC5078C5C8D /* AppDelegate.h */,
				80670EAC56A3AC0AC2618440 /* AppDelegate.m */,
				A8E0345D1CDE91FA00E9744D /* ViewController.h */,
				A8E0345E1CDE91FA00E9744D /* ViewController.m */,
			);
			path = AppDelegate;
			sourceTree = "<group>";
		};
		80670A59626EBDE4D7DC7014 /* Classes */ = {
			isa = PBXGroup;
			children = (
				806705CBC3DFE2116228881C /* AppDelegate */,
				A8796C151CDE7B1D0026E4A1 /* Features */,
			);
			path = Classes;
			sourceTree = "<group>";
		};
		A40650ED53AE74E2AF817093 /* Pods */ = {
			isa = PBXGroup;
			children = (
				CBDD71DBC0C423DCD9396244 /* Pods-Examples.debug.xcconfig */,
				8A3429AD3E96A3B3E69FEEFD /* Pods-Examples.release.xcconfig */,
			);
			name = Pods;
			sourceTree = "<group>";
		};
		A825BC8E1CE07ACD00BE8DA0 /* Account */ = {
			isa = PBXGroup;
			children = (
				A825BC8F1CE07ACD00BE8DA0 /* Controllers */,
				A825BC951CE07ACD00BE8DA0 /* Views */,
			);
			path = Account;
			sourceTree = "<group>";
		};
		A825BC8F1CE07ACD00BE8DA0 /* Controllers */ = {
			isa = PBXGroup;
			children = (
				A825BC901CE07ACD00BE8DA0 /* MainAccountViewController.h */,
				A825BC911CE07ACD00BE8DA0 /* MainAccountViewController.m */,
			);
			path = Controllers;
			sourceTree = "<group>";
		};
		A825BC951CE07ACD00BE8DA0 /* Views */ = {
			isa = PBXGroup;
			children = (
				A825BC961CE07ACD00BE8DA0 /* MainAccountView.h */,
				A825BC971CE07ACD00BE8DA0 /* MainAccountView.m */,
			);
			path = Views;
			sourceTree = "<group>";
		};
		A825BC9B1CE07B1B00BE8DA0 /* Base */ = {
			isa = PBXGroup;
			children = (
				A825BC9C1CE07B1B00BE8DA0 /* Controller */,
			);
			path = Base;
			sourceTree = "<group>";
		};
		A825BC9C1CE07B1B00BE8DA0 /* Controller */ = {
			isa = PBXGroup;
			children = (
				A825BCA51CE07B1B00BE8DA0 /* MainTabBarController.h */,
				A825BCA61CE07B1B00BE8DA0 /* MainTabBarController.m */,
			);
			path = Controller;
			sourceTree = "<group>";
		};
		A8796C151CDE7B1D0026E4A1 /* Features */ = {
			isa = PBXGroup;
			children = (
				A825BC9B1CE07B1B00BE8DA0 /* Base */,
				A825BC8E1CE07ACD00BE8DA0 /* Account */,
				A8796C221CDE7D0C0026E4A1 /* Auth */,
			);
			path = Features;
			sourceTree = "<group>";
		};
		A8796C221CDE7D0C0026E4A1 /* Auth */ = {
			isa = PBXGroup;
			children = (
				A8796C231CDE7D0C0026E4A1 /* Controllers */,
				A8796C2E1CDE7D0C0026E4A1 /* Models */,
				A8796C311CDE7D0C0026E4A1 /* Views */,
			);
			path = Auth;
			sourceTree = "<group>";
		};
		A8796C231CDE7D0C0026E4A1 /* Controllers */ = {
			isa = PBXGroup;
			children = (
				A8796C241CDE7D0C0026E4A1 /* MainLoginViewController.h */,
				A8796C251CDE7D0C0026E4A1 /* MainLoginViewController.m */,
				A8796C261CDE7D0C0026E4A1 /* PhoneLoginViewController.h */,
				A8796C271CDE7D0C0026E4A1 /* PhoneLoginViewController.m */,
				A8796C281CDE7D0C0026E4A1 /* PhoneVerifyCodeViewController.h */,
				A8796C291CDE7D0C0026E4A1 /* PhoneVerifyCodeViewController.m */,
				A8796C2A1CDE7D0C0026E4A1 /* UserLoginViewController.h */,
				A8796C2B1CDE7D0C0026E4A1 /* UserLoginViewController.m */,
				A8796C2C1CDE7D0C0026E4A1 /* UserRegisterViewController.h */,
				A8796C2D1CDE7D0C0026E4A1 /* UserRegisterViewController.m */,
			);
			path = Controllers;
			sourceTree = "<group>";
		};
		A8796C2E1CDE7D0C0026E4A1 /* Models */ = {
			isa = PBXGroup;
			children = (
				A8796C2F1CDE7D0C0026E4A1 /* VerifyCodeLogicModel.h */,
				A8796C301CDE7D0C0026E4A1 /* VerifyCodeLogicModel.m */,
			);
			path = Models;
			sourceTree = "<group>";
		};
		A8796C311CDE7D0C0026E4A1 /* Views */ = {
			isa = PBXGroup;
			children = (
				A8796C321CDE7D0C0026E4A1 /* Cells */,
				A8796C351CDE7D0C0026E4A1 /* MainLoginView.h */,
				A8796C361CDE7D0C0026E4A1 /* MainLoginView.m */,
				A8796C371CDE7D0C0026E4A1 /* PhoneLoginView.h */,
				A8796C381CDE7D0C0026E4A1 /* PhoneLoginView.m */,
				A8796C391CDE7D0C0026E4A1 /* PhoneVerifyCodeView.h */,
				A8796C3A1CDE7D0C0026E4A1 /* PhoneVerifyCodeView.m */,
				A8796C3B1CDE7D0C0026E4A1 /* UserLoginView.h */,
				A8796C3C1CDE7D0C0026E4A1 /* UserLoginView.m */,
				A8796C3D1CDE7D0C0026E4A1 /* UserRegisterView.h */,
				A8796C3E1CDE7D0C0026E4A1 /* UserRegisterView.m */,
			);
			path = Views;
			sourceTree = "<group>";
		};
		A8796C321CDE7D0C0026E4A1 /* Cells */ = {
			isa = PBXGroup;
			children = (
				A8796C331CDE7D0C0026E4A1 /* CountryTableViewCell.h */,
				A8796C341CDE7D0C0026E4A1 /* CountryTableViewCell.m */,
			);
			path = Cells;
			sourceTree = "<group>";
		};
		A8DA02631CE211BA00550F33 /* zh-Hans.lproj */ = {
			isa = PBXGroup;
			children = (
				A80F31C81CE343A100F55688 /* MessageDisplayKitString.strings */,
			);
			path = "zh-Hans.lproj";
			sourceTree = "<group>";
		};
		F3C6F341A32E0A841A2F63ED /* Frameworks */ = {
			isa = PBXGroup;
			children = (
				A80F31D41CE35D0600F55688 /* AudioToolbox.framework */,
				A8DA026E1CE2CB2900550F33 /* CoreLocation.framework */,
				A8DA026C1CE2CB2300550F33 /* CoreTelephony.framework */,
				A8DA026A1CE2CB1B00550F33 /* MobileCoreServices.framework */,
				A8DA02681CE2CB1500550F33 /* SystemConfiguration.framework */,
				51DD6FBE6AA3B8E8707621CD /* libPods-Examples.a */,
			);
			name = Frameworks;
			sourceTree = "<group>";
		};
/* End PBXGroup section */

/* Begin PBXNativeTarget section */
		5361ED1C1C4D38DB0048F4AC /* Examples */ = {
			isa = PBXNativeTarget;
			buildConfigurationList = 5361ED341C4D38DB0048F4AC /* Build configuration list for PBXNativeTarget "Examples" */;
			buildPhases = (
				16EFA6D1EEE7BD18F5D5D9B7 /* Check Pods Manifest.lock */,
				5361ED191C4D38DB0048F4AC /* Sources */,
				5361ED1A1C4D38DB0048F4AC /* Frameworks */,
				5361ED1B1C4D38DB0048F4AC /* Resources */,
				05B724206765E31D6EC3E0F4 /* Embed Pods Frameworks */,
				09FD85A2CA91806C64EFE8CA /* Copy Pods Resources */,
			);
			buildRules = (
			);
			dependencies = (
			);
			name = Examples;
			productName = Examples;
			productReference = 5361ED1D1C4D38DB0048F4AC /* Examples.app */;
			productType = "com.apple.product-type.application";
		};
/* End PBXNativeTarget section */

/* Begin PBXProject section */
		5361ED151C4D38DB0048F4AC /* Project object */ = {
			isa = PBXProject;
			attributes = {
				LastUpgradeCheck = 0720;
				ORGANIZATIONNAME = "奇迹空间";
				TargetAttributes = {
					5361ED1C1C4D38DB0048F4AC = {
						CreatedOnToolsVersion = 7.2;
						DevelopmentTeam = N46UL9D4Q6;
					};
				};
			};
			buildConfigurationList = 5361ED181C4D38DB0048F4AC /* Build configuration list for PBXProject "Examples" */;
			compatibilityVersion = "Xcode 3.2";
			developmentRegion = English;
			hasScannedForEncodings = 0;
			knownRegions = (
				Base,
				"zh-Hans",
			);
			mainGroup = 5361ED141C4D38DB0048F4AC;
			productRefGroup = 5361ED1E1C4D38DB0048F4AC /* Products */;
			projectDirPath = "";
			projectRoot = "";
			targets = (
				5361ED1C1C4D38DB0048F4AC /* Examples */,
			);
		};
/* End PBXProject section */

/* Begin PBXResourcesBuildPhase section */
		5361ED1B1C4D38DB0048F4AC /* Resources */ = {
			isa = PBXResourcesBuildPhase;
			buildActionMask = 2147483647;
			files = (
				517DB4421CDB822D00868755 /* SupportIm.podspec in Resources */,
				531838371C5233E700A38298 /* LICENSE in Resources */,
				A80F31D01CE3526C00F55688 /* send.caf in Resources */,
				5361ED2D1C4D38DB0048F4AC /* Assets.xcassets in Resources */,
				A80F31CF1CE3526C00F55688 /* receive.caf in Resources */,
				A80F31CA1CE343A100F55688 /* MessageDisplayKitString.strings in Resources */,
				A80F31CE1CE3526C00F55688 /* loudReceive.caf in Resources */,
				A80F31D21CE3539E00F55688 /* defaultSettings.plist in Resources */,
				53DC5E491C528D3E009A3CCD /* LaunchScreen.storyboard in Resources */,
			);
			runOnlyForDeploymentPostprocessing = 0;
		};
/* End PBXResourcesBuildPhase section */

/* Begin PBXShellScriptBuildPhase section */
		05B724206765E31D6EC3E0F4 /* Embed Pods Frameworks */ = {
			isa = PBXShellScriptBuildPhase;
			buildActionMask = 2147483647;
			files = (
			);
			inputPaths = (
			);
			name = "Embed Pods Frameworks";
			outputPaths = (
			);
			runOnlyForDeploymentPostprocessing = 0;
			shellPath = /bin/sh;
			shellScript = "\"${SRCROOT}/../Pods/Target Support Files/Pods-Examples/Pods-Examples-frameworks.sh\"\n";
			showEnvVarsInLog = 0;
		};
		09FD85A2CA91806C64EFE8CA /* Copy Pods Resources */ = {
			isa = PBXShellScriptBuildPhase;
			buildActionMask = 2147483647;
			files = (
			);
			inputPaths = (
			);
			name = "Copy Pods Resources";
			outputPaths = (
			);
			runOnlyForDeploymentPostprocessing = 0;
			shellPath = /bin/sh;
			shellScript = "\"${SRCROOT}/../Pods/Target Support Files/Pods-Examples/Pods-Examples-resources.sh\"\n";
			showEnvVarsInLog = 0;
		};
		16EFA6D1EEE7BD18F5D5D9B7 /* Check Pods Manifest.lock */ = {
			isa = PBXShellScriptBuildPhase;
			buildActionMask = 2147483647;
			files = (
			);
			inputPaths = (
			);
			name = "Check Pods Manifest.lock";
			outputPaths = (
			);
			runOnlyForDeploymentPostprocessing = 0;
			shellPath = /bin/sh;
			shellScript = "diff \"${PODS_ROOT}/../Podfile.lock\" \"${PODS_ROOT}/Manifest.lock\" > /dev/null\nif [[ $? != 0 ]] ; then\n    cat << EOM\nerror: The sandbox is not in sync with the Podfile.lock. Run 'pod install' or update your CocoaPods installation.\nEOM\n    exit 1\nfi\n";
			showEnvVarsInLog = 0;
		};
/* End PBXShellScriptBuildPhase section */

/* Begin PBXSourcesBuildPhase section */
		5361ED191C4D38DB0048F4AC /* Sources */ = {
			isa = PBXSourcesBuildPhase;
			buildActionMask = 2147483647;
			files = (
				A8E0345F1CDE91FA00E9744D /* ViewController.m in Sources */,
				A8796C701CDE7D0C0026E4A1 /* VerifyCodeLogicModel.m in Sources */,
				A8796C6E1CDE7D0C0026E4A1 /* UserLoginViewController.m in Sources */,
				5361ED221C4D38DB0048F4AC /* main.m in Sources */,
				A8796C6B1CDE7D0C0026E4A1 /* MainLoginViewController.m in Sources */,
				A8796C741CDE7D0C0026E4A1 /* PhoneVerifyCodeView.m in Sources */,
				A8796C721CDE7D0C0026E4A1 /* MainLoginView.m in Sources */,
				A825BC981CE07ACD00BE8DA0 /* MainAccountViewController.m in Sources */,
				A825BCAB1CE07B1B00BE8DA0 /* MainTabBarController.m in Sources */,
				A825BC9A1CE07ACD00BE8DA0 /* MainAccountView.m in Sources */,
				A8796C711CDE7D0C0026E4A1 /* CountryTableViewCell.m in Sources */,
				A8796C6F1CDE7D0C0026E4A1 /* UserRegisterViewController.m in Sources */,
				531838381C5233E700A38298 /* README.md in Sources */,
				806701B66B5952E673C98EB2 /* AppDelegate.m in Sources */,
				A8796C731CDE7D0C0026E4A1 /* PhoneLoginView.m in Sources */,
				A8796C6C1CDE7D0C0026E4A1 /* PhoneLoginViewController.m in Sources */,
				A8796C751CDE7D0C0026E4A1 /* UserLoginView.m in Sources */,
				A8796C761CDE7D0C0026E4A1 /* UserRegisterView.m in Sources */,
				A8796C6D1CDE7D0C0026E4A1 /* PhoneVerifyCodeViewController.m in Sources */,
			);
			runOnlyForDeploymentPostprocessing = 0;
		};
/* End PBXSourcesBuildPhase section */

/* Begin PBXVariantGroup section */
		53DC5E471C528D3E009A3CCD /* LaunchScreen.storyboard */ = {
			isa = PBXVariantGroup;
			children = (
				53DC5E481C528D3E009A3CCD /* Base */,
			);
			name = LaunchScreen.storyboard;
			sourceTree = "<group>";
		};
		A80F31C81CE343A100F55688 /* MessageDisplayKitString.strings */ = {
			isa = PBXVariantGroup;
			children = (
				A80F31C91CE343A100F55688 /* zh-Hans */,
			);
			name = MessageDisplayKitString.strings;
			sourceTree = "<group>";
		};
/* End PBXVariantGroup section */

/* Begin XCBuildConfiguration section */
		5361ED321C4D38DB0048F4AC /* Debug */ = {
			isa = XCBuildConfiguration;
			buildSettings = {
				ALWAYS_SEARCH_USER_PATHS = NO;
				CLANG_CXX_LANGUAGE_STANDARD = "gnu++0x";
				CLANG_CXX_LIBRARY = "libc++";
				CLANG_ENABLE_MODULES = YES;
				CLANG_ENABLE_OBJC_ARC = YES;
				CLANG_WARN_BOOL_CONVERSION = YES;
				CLANG_WARN_CONSTANT_CONVERSION = YES;
				CLANG_WARN_DIRECT_OBJC_ISA_USAGE = YES_ERROR;
				CLANG_WARN_EMPTY_BODY = YES;
				CLANG_WARN_ENUM_CONVERSION = YES;
				CLANG_WARN_INT_CONVERSION = YES;
				CLANG_WARN_OBJC_ROOT_CLASS = YES_ERROR;
				CLANG_WARN_UNREACHABLE_CODE = YES;
				CLANG_WARN__DUPLICATE_METHOD_MATCH = YES;
				"CODE_SIGN_IDENTITY[sdk=iphoneos*]" = "iPhone Developer";
				COPY_PHASE_STRIP = NO;
				DEBUG_INFORMATION_FORMAT = dwarf;
				ENABLE_STRICT_OBJC_MSGSEND = YES;
				ENABLE_TESTABILITY = YES;
				GCC_C_LANGUAGE_STANDARD = gnu99;
				GCC_DYNAMIC_NO_PIC = NO;
				GCC_NO_COMMON_BLOCKS = YES;
				GCC_OPTIMIZATION_LEVEL = 0;
				GCC_PREPROCESSOR_DEFINITIONS = (
					"DEBUG=1",
					"$(inherited)",
				);
				GCC_WARN_64_TO_32_BIT_CONVERSION = YES;
				GCC_WARN_ABOUT_RETURN_TYPE = YES_ERROR;
				GCC_WARN_UNDECLARED_SELECTOR = YES;
				GCC_WARN_UNINITIALIZED_AUTOS = YES_AGGRESSIVE;
				GCC_WARN_UNUSED_FUNCTION = YES;
				GCC_WARN_UNUSED_VARIABLE = YES;
				IPHONEOS_DEPLOYMENT_TARGET = 8.0;
				MTL_ENABLE_DEBUG_INFO = YES;
				ONLY_ACTIVE_ARCH = YES;
				SDKROOT = iphoneos;
			};
			name = Debug;
		};
		5361ED331C4D38DB0048F4AC /* Release */ = {
			isa = XCBuildConfiguration;
			buildSettings = {
				ALWAYS_SEARCH_USER_PATHS = NO;
				CLANG_CXX_LANGUAGE_STANDARD = "gnu++0x";
				CLANG_CXX_LIBRARY = "libc++";
				CLANG_ENABLE_MODULES = YES;
				CLANG_ENABLE_OBJC_ARC = YES;
				CLANG_WARN_BOOL_CONVERSION = YES;
				CLANG_WARN_CONSTANT_CONVERSION = YES;
				CLANG_WARN_DIRECT_OBJC_ISA_USAGE = YES_ERROR;
				CLANG_WARN_EMPTY_BODY = YES;
				CLANG_WARN_ENUM_CONVERSION = YES;
				CLANG_WARN_INT_CONVERSION = YES;
				CLANG_WARN_OBJC_ROOT_CLASS = YES_ERROR;
				CLANG_WARN_UNREACHABLE_CODE = YES;
				CLANG_WARN__DUPLICATE_METHOD_MATCH = YES;
				"CODE_SIGN_IDENTITY[sdk=iphoneos*]" = "iPhone Developer";
				COPY_PHASE_STRIP = NO;
				DEBUG_INFORMATION_FORMAT = "dwarf-with-dsym";
				ENABLE_NS_ASSERTIONS = NO;
				ENABLE_STRICT_OBJC_MSGSEND = YES;
				GCC_C_LANGUAGE_STANDARD = gnu99;
				GCC_NO_COMMON_BLOCKS = YES;
				GCC_WARN_64_TO_32_BIT_CONVERSION = YES;
				GCC_WARN_ABOUT_RETURN_TYPE = YES_ERROR;
				GCC_WARN_UNDECLARED_SELECTOR = YES;
				GCC_WARN_UNINITIALIZED_AUTOS = YES_AGGRESSIVE;
				GCC_WARN_UNUSED_FUNCTION = YES;
				GCC_WARN_UNUSED_VARIABLE = YES;
				IPHONEOS_DEPLOYMENT_TARGET = 8.0;
				MTL_ENABLE_DEBUG_INFO = NO;
				SDKROOT = iphoneos;
				VALIDATE_PRODUCT = YES;
			};
			name = Release;
		};
		5361ED351C4D38DB0048F4AC /* Debug */ = {
			isa = XCBuildConfiguration;
			baseConfigurationReference = CBDD71DBC0C423DCD9396244 /* Pods-Examples.debug.xcconfig */;
			buildSettings = {
				ASSETCATALOG_COMPILER_APPICON_NAME = AppIcon;
				CODE_SIGN_IDENTITY = "iPhone Developer";
				"CODE_SIGN_IDENTITY[sdk=iphoneos*]" = "iPhone Developer";
				GCC_PREFIX_HEADER = "$(SRCROOT)/Examples/PrefixHeader.pch";
				INFOPLIST_FILE = Examples/Info.plist;
				IPHONEOS_DEPLOYMENT_TARGET = 8.0;
				LD_RUNPATH_SEARCH_PATHS = "$(inherited) @executable_path/Frameworks";
				PRODUCT_BUNDLE_IDENTIFIER = tech.qiji.Exampleszzz;
				PRODUCT_NAME = "$(TARGET_NAME)";
				PROVISIONING_PROFILE = "";
			};
			name = Debug;
		};
		5361ED361C4D38DB0048F4AC /* Release */ = {
			isa = XCBuildConfiguration;
			baseConfigurationReference = 8A3429AD3E96A3B3E69FEEFD /* Pods-Examples.release.xcconfig */;
			buildSettings = {
				ASSETCATALOG_COMPILER_APPICON_NAME = AppIcon;
				CODE_SIGN_IDENTITY = "iPhone Developer";
				"CODE_SIGN_IDENTITY[sdk=iphoneos*]" = "iPhone Developer";
				GCC_PREFIX_HEADER = "$(SRCROOT)/Examples/PrefixHeader.pch";
				INFOPLIST_FILE = Examples/Info.plist;
				IPHONEOS_DEPLOYMENT_TARGET = 8.0;
				LD_RUNPATH_SEARCH_PATHS = "$(inherited) @executable_path/Frameworks";
				PRODUCT_BUNDLE_IDENTIFIER = tech.qiji.Exampleszzz;
				PRODUCT_NAME = "$(TARGET_NAME)";
				PROVISIONING_PROFILE = "";
			};
			name = Release;
		};
/* End XCBuildConfiguration section */

/* Begin XCConfigurationList section */
		5361ED181C4D38DB0048F4AC /* Build configuration list for PBXProject "Examples" */ = {
			isa = XCConfigurationList;
			buildConfigurations = (
				5361ED321C4D38DB0048F4AC /* Debug */,
				5361ED331C4D38DB0048F4AC /* Release */,
			);
			defaultConfigurationIsVisible = 0;
			defaultConfigurationName = Release;
		};
		5361ED341C4D38DB0048F4AC /* Build configuration list for PBXNativeTarget "Examples" */ = {
			isa = XCConfigurationList;
			buildConfigurations = (
				5361ED351C4D38DB0048F4AC /* Debug */,
				5361ED361C4D38DB0048F4AC /* Release */,
			);
			defaultConfigurationIsVisible = 0;
			defaultConfigurationName = Release;
		};
/* End XCConfigurationList section */
	};
	rootObject = 5361ED151C4D38DB0048F4AC /* Project object */;
}
